
Microsoft Visual Studio Solution File, Format Version 12.00
Project("{FAE04EC0-301F-11D3-BF4B-00C04F79EFBC}") = "raylib", "raylib.csproj", "{1490E8F4-3B44-4BDC-AC7F-0665A904827B}"
EndProject
Global
	GlobalSection(SolutionConfigurationPlatforms) = preSolution
		Debug|Any CPU = Debug|Any CPU
		Release|Any CPU = Release|Any CPU
	EndGlobalSection
	GlobalSection(ProjectConfigurationPlatforms) = postSolution
		{1490E8F4-3B44-4BDC-AC7F-0665A904827B}.Debug|Any CPU.ActiveCfg = Debug|Any CPU
		{1490E8F4-3B44-4BDC-AC7F-0665A904827B}.Debug|Any CPU.Build.0 = Debug|Any CPU
		{1490E8F4-3B44-4BDC-AC7F-0665A904827B}.Release|Any CPU.ActiveCfg = Release|Any CPU
		{1490E8F4-3B44-4BDC-AC7F-0665A904827B}.Release|Any CPU.Build.0 = Release|Any CPU
	EndGlobalSection
EndGlobal
